Microsoft Visual Studio Solution File, Format Version 12.00
# Visual Studio 15
VisualStudioVersion = 15.0.28307.1062
MinimumVisualStudioVersion = 10.0.40219.1
Project("{D954291E-2A0B-460D-934E-DC6B0785DB48}") = "DontBugMe", "DontBugMe\DontBugMe.shproj", "{B9B15BB7-5A61-4B05-87AF-2110A70BCF1D}"
EndProject
Project("{FAE04EC0-301F-11D3-BF4B-00C04F79EFBC}") = "DontBugMe.iOS", "iOS\DontBugMe.iOS.csproj", "{3754B42A-3171-4CAE-BCB8-9F803F0C8C28}"
EndProject
Project("{FAE04EC0-301F-11D3-BF4B-00C04F79EFBC}") = "DontBugMe.Droid", "Droid\DontBugMe.Droid.csproj", "{4549607C-DDAA-4720-B3E8-A7C7366F5132}"
EndProject
Global
	GlobalSection(SharedMSBuildProjectFiles) = preSolution
		DontBugMe\DontBugMe.projitems*{3754b42a-3171-4cae-bcb8-9f803f0c8c28}*SharedItemsImports = 4
		DontBugMe\DontBugMe.projitems*{4549607c-ddaa-4720-b3e8-a7c7366f5132}*SharedItemsImports = 4
		DontBugMe\DontBugMe.projitems*{b9b15bb7-5a61-4b05-87af-2110a70bcf1d}*SharedItemsImports = 13
	EndGlobalSection
	GlobalSection(SolutionConfigurationPlatforms) = preSolution
		Debug|Any CPU = Debug|Any CPU
		Debug|iPhone = Debug|iPhone
		Debug|iPhoneSimulator = Debug|iPhoneSimulator
		Release|Any CPU = Release|Any CPU
		Release|iPhone = Release|iPhone
		Release|iPhoneSimulator = Release|iPhoneSimulator
	EndGlobalSection
	GlobalSection(ProjectConfigurationPlatforms) = postSolution
		{3754B42A-3171-4CAE-BCB8-9F803F0C8C28}.Debug|Any CPU.ActiveCfg = Debug|iPhoneSimulator
		{3754B42A-3171-4CAE-BCB8-9F803F0C8C28}.Debug|Any CPU.Build.0 = Debug|iPhoneSimulator
		{3754B42A-3171-4CAE-BCB8-9F803F0C8C28}.Debug|iPhone.ActiveCfg = Debug|iPhone
		{3754B42A-3171-4CAE-BCB8-9F803F0C8C28}.Debug|iPhone.Build.0 = Debug|iPhone
		{3754B42A-3171-4CAE-BCB8-9F803F0C8C28}.Debug|iPhoneSimulator.ActiveCfg = Debug|iPhoneSimulator
		{3754B42A-3171-4CAE-BCB8-9F803F0C8C28}.Debug|iPhoneSimulator.Build.0 = Debug|iPhoneSimulator
		{3754B42A-3171-4CAE-BCB8-9F803F0C8C28}.Release|Any CPU.ActiveCfg = Release|iPhone
		{3754B42A-3171-4CAE-BCB8-9F803F0C8C28}.Release|Any CPU.Build.0 = Release|iPhone
		{3754B42A-3171-4CAE-BCB8-9F803F0C8C28}.Release|iPhone.ActiveCfg = Release|iPhone
		{3754B42A-3171-4CAE-BCB8-9F803F0C8C28}.Release|iPhone.Build.0 = Release|iPhone
		{3754B42A-3171-4CAE-BCB8-9F803F0C8C28}.Release|iPhoneSimulator.ActiveCfg = Release|iPhoneSimulator
		{3754B42A-3171-4CAE-BCB8-9F803F0C8C28}.Release|iPhoneSimulator.Build.0 = Release|iPhoneSimulator
		{4549607C-DDAA-4720-B3E8-A7C7366F5132}.Debug|Any CPU.ActiveCfg = Debug|Any CPU
		{4549607C-DDAA-4720-B3E8-A7C7366F5132}.Debug|Any CPU.Build.0 = Debug|Any CPU
		{4549607C-DDAA-4720-B3E8-A7C7366F5132}.Debug|iPhone.ActiveCfg = Debug|Any CPU
		{4549607C-DDAA-4720-B3E8-A7C7366F5132}.Debug|iPhone.Build.0 = Debug|Any CPU
		{4549607C-DDAA-4720-B3E8-A7C7366F5132}.Debug|iPhoneSimulator.ActiveCfg = Debug|Any CPU
		{4549607C-DDAA-4720-B3E8-A7C7366F5132}.Debug|iPhoneSimulator.Build.0 = Debug|Any CPU
		{4549607C-DDAA-4720-B3E8-A7C7366F5132}.Release|Any CPU.ActiveCfg = Release|Any CPU
		{4549607C-DDAA-4720-B3E8-A7C7366F5132}.Release|Any CPU.Build.0 = Release|Any CPU
		{4549607C-DDAA-4720-B3E8-A7C7366F5132}.Release|iPhone.ActiveCfg = Release|Any CPU
		{4549607C-DDAA-4720-B3E8-A7C7366F5132}.Release|iPhone.Build.0 = Release|Any CPU
		{4549607C-DDAA-4720-B3E8-A7C7366F5132}.Release|iPhoneSimulator.ActiveCfg = Release|Any CPU
		{4549607C-DDAA-4720-B3E8-A7C7366F5132}.Release|iPhoneSimulator.Build.0 = Release|Any CPU
	EndGlobalSection
	GlobalSection(SolutionProperties) = preSolution
		HideSolutionNode = FALSE
	EndGlobalSection
	GlobalSection(ExtensibilityGlobals) = postSolution
		SolutionGuid = {36AD5925-796A-4864-BDCE-3782D6BC536D}
	EndGlobalSection
EndGlobal
